
Microsoft Visual Studio Solution File, Format Version 12.00
# Visual Studio Version 17
VisualStudioVersion = 17.14.36109.1 d17.14
MinimumVisualStudioVersion = 10.0.40219.1
Project("{FAE04EC0-301F-11D3-BF4B-00C04F79EFBC}") = "TodoList", "TodoList\TodoList.csproj", "{BC9AF1CE-73A9-41F1-8710-CB274298334B}"
EndProject
Project("{FAE04EC0-301F-11D3-BF4B-00C04F79EFBC}") = "DataLayer", "DataLayer\DataLayer.csproj", "{137C19AA-5157-4E73-BE50-92DAD93F1F9E}"
EndProject
Project("{FAE04EC0-301F-11D3-BF4B-00C04F79EFBC}") = "CoreLayer", "CoreLayer\CoreLayer.csproj", "{7A7F8B47-ABE4-4C03-9DCB-434A73054CDF}"
EndProject
Global
	GlobalSection(SolutionConfigurationPlatforms) = preSolution
		Debug|Any CPU = Debug|Any CPU
		Release|Any CPU = Release|Any CPU
	EndGlobalSection
	GlobalSection(ProjectConfigurationPlatforms) = postSolution
		{BC9AF1CE-73A9-41F1-8710-CB274298334B}.Debug|Any CPU.ActiveCfg = Debug|Any CPU
		{BC9AF1CE-73A9-41F1-8710-CB274298334B}.Debug|Any CPU.Build.0 = Debug|Any CPU
		{BC9AF1CE-73A9-41F1-8710-CB274298334B}.Release|Any CPU.ActiveCfg = Release|Any CPU
		{BC9AF1CE-73A9-41F1-8710-CB274298334B}.Release|Any CPU.Build.0 = Release|Any CPU
		{137C19AA-5157-4E73-BE50-92DAD93F1F9E}.Debug|Any CPU.ActiveCfg = Debug|Any CPU
		{137C19AA-5157-4E73-BE50-92DAD93F1F9E}.Debug|Any CPU.Build.0 = Debug|Any CPU
		{137C19AA-5157-4E73-BE50-92DAD93F1F9E}.Release|Any CPU.ActiveCfg = Release|Any CPU
		{137C19AA-5157-4E73-BE50-92DAD93F1F9E}.Release|Any CPU.Build.0 = Release|Any CPU
		{7A7F8B47-ABE4-4C03-9DCB-434A73054CDF}.Debug|Any CPU.ActiveCfg = Debug|Any CPU
		{7A7F8B47-ABE4-4C03-9DCB-434A73054CDF}.Debug|Any CPU.Build.0 = Debug|Any CPU
		{7A7F8B47-ABE4-4C03-9DCB-434A73054CDF}.Release|Any CPU.ActiveCfg = Release|Any CPU
		{7A7F8B47-ABE4-4C03-9DCB-434A73054CDF}.Release|Any CPU.Build.0 = Release|Any CPU
	EndGlobalSection
	GlobalSection(SolutionProperties) = preSolution
		HideSolutionNode = FALSE
	EndGlobalSection
	GlobalSection(ExtensibilityGlobals) = postSolution
		SolutionGuid = {CED4646B-FA7A-4923-B12E-923BF8672AB8}
	EndGlobalSection
EndGlobal
